// !$*UTF8*$!
{
	archiveVersion = 1;
	classes = {
	};
	objectVersion = 56;
	objects = {

/* Begin PBXBuildFile section */
		EA8CA98A2C7F58E7004C1F4C /* AppDelegate.swift in Sources */ = {isa = PBXBuildFile; fileRef = EA8CA9892C7F58E7004C1F4C /* AppDelegate.swift */; };
		EA8CA98C2C7F58E7004C1F4C /* SceneDelegate.swift in Sources */ = {isa = PBXBuildFile; fileRef = EA8CA98B2C7F58E7004C1F4C /* SceneDelegate.swift */; };
		EA8CA98E2C7F58E7004C1F4C /* ViewController.swift in Sources */ = {isa = PBXBuildFile; fileRef = EA8CA98D2C7F58E7004C1F4C /* ViewController.swift */; };
		EA8CA9912C7F58E7004C1F4C /* Base in Resources */ = {isa = PBXBuildFile; fileRef = EA8CA9902C7F58E7004C1F4C /* Base */; };
		EA8CA9942C7F58E7004C1F4C /* Mod1CreativeApp.xcdatamodeld in Sources */ = {isa = PBXBuildFile; fileRef = EA8CA9922C7F58E7004C1F4C /* Mod1CreativeApp.xcdatamodeld */; };
		EA8CA9962C7F58E8004C1F4C /* Assets.xcassets in Resources */ = {isa = PBXBuildFile; fileRef = EA8CA9952C7F58E8004C1F4C /* Assets.xcassets */; };
		EA8CA9992C7F58E8004C1F4C /* Base in Resources */ = {isa = PBXBuildFile; fileRef = EA8CA9982C7F58E8004C1F4C /* Base */; };
/* End PBXBuildFile section */

/* Begin PBXFileReference section */
		EA8CA9862C7F58E7004C1F4C /* Mod1CreativeApp.app */ = {isa = PBXFileReference; explicitFileType = wrapper.application; includeInIndex = 0; path = Mod1CreativeApp.app; sourceTree = BUILT_PRODUCTS_DIR; };
		EA8CA9892C7F58E7004C1F4C /* AppDelegate.swift */ = {isa = PBXFileReference; lastKnownFileType = sourcecode.swift; path = AppDelegate.swift; sourceTree = "<group>"; };
		EA8CA98B2C7F58E7004C1F4C /* SceneDelegate.swift */ = {isa = PBXFileReference; lastKnownFileType = sourcecode.swift; path = SceneDelegate.swift; sourceTree = "<group>"; };
		EA8CA98D2C7F58E7004C1F4C /* ViewController.swift */ = {isa = PBXFileReference; lastKnownFileType = sourcecode.swift; path = ViewController.swift; sourceTree = "<group>"; };
		EA8CA9902C7F58E7004C1F4C /* Base */ = {isa = PBXFileReference; lastKnownFileType = file.storyboard; name = Base; path = Base.lproj/Main.storyboard; sourceTree = "<group>"; };
		EA8CA9932C7F58E7004C1F4C /* Mod1CreativeApp.xcdatamodel */ = {isa = PBXFileReference; lastKnownFileType = wrapper.xcdatamodel; path = Mod1CreativeApp.xcdatamodel; sourceTree = "<group>"; };
		EA8CA9952C7F58E8004C1F4C /* Assets.xcassets */ = {isa = PBXFileReference; lastKnownFileType = folder.assetcatalog; path = Assets.xcassets; sourceTree = "<group>"; };
		EA8CA9982C7F58E8004C1F4C /* Base */ = {isa = PBXFileReference; lastKnownFileType = file.storyboard; name = Base; path = Base.lproj/LaunchScreen.storyboard; sourceTree = "<group>"; };
		EA8CA99A2C7F58E8004C1F4C /* Info.plist */ = {isa = PBXFileReference; lastKnownFileType = text.plist.xml; path = Info.plist; sourceTree = "<group>"; };
/* End PBXFileReference section */

/* Begin PBXFrameworksBuildPhase section */
		EA8CA9832C7F58E7004C1F4C /* Frameworks */ = {
			isa = PBXFrameworksBuildPhase;
			buildActionMask = 2147483647;
			files = (
			);
			runOnlyForDeploymentPostprocessing = 0;
		};
/* End PBXFrameworksBuildPhase section */

/* Begin PBXGroup section */
		EA8CA97D2C7F58E7004C1F4C = {
			isa = PBXGroup;
			children = (
				EA8CA9882C7F58E7004C1F4C /* Mod1CreativeApp */,
				EA8CA9872C7F58E7004C1F4C /* Products */,
			);
			sourceTree = "<group>";
		};
		EA8CA9872C7F58E7004C1F4C /* Products */ = {
			isa = PBXGroup;
			children = (
				EA8CA9862C7F58E7004C1F4C /* Mod1CreativeApp.app */,
			);
			name = Products;
			sourceTree = "<group>";
		};
		EA8CA9882C7F58E7004C1F4C /* Mod1CreativeApp */ = {
			isa = PBXGroup;
			children = (
				EA8CA9892C7F58E7004C1F4C /* AppDelegate.swift */,
				EA8CA98B2C7F58E7004C1F4C /* SceneDelegate.swift */,
				EA8CA98D2C7F58E7004C1F4C /* ViewController.swift */,
				EA8CA98F2C7F58E7004C1F4C /* Main.storyboard */,
				EA8CA9952C7F58E8004C1F4C /* Assets.xcassets */,
				EA8CA9972C7F58E8004C1F4C /* LaunchScreen.storyboard */,
				EA8CA99A2C7F58E8004C1F4C /* Info.plist */,
				EA8CA9922C7F58E7004C1F4C /* Mod1CreativeApp.xcdatamodeld */,
			);
			path = Mod1CreativeApp;
			sourceTree = "<group>";
		};
/* End PBXGroup section */

/* Begin PBXNativeTarget section */
		EA8CA9852C7F58E7004C1F4C /* Mod1CreativeApp */ = {
			isa = PBXNativeTarget;
			buildConfigurationList = EA8CA99D2C7F58E8004C1F4C /* Build configuration list for PBXNativeTarget "Mod1CreativeApp" */;
			buildPhases = (
				EA8CA9822C7F58E7004C1F4C /* Sources */,
				EA8CA9832C7F58E7004C1F4C /* Frameworks */,
				EA8CA9842C7F58E7004C1F4C /* Resources */,
			);
			buildRules = (
			);
			dependencies = (
			);
			name = Mod1CreativeApp;
			productName = Mod1CreativeApp;
			productReference = EA8CA9862C7F58E7004C1F4C /* Mod1CreativeApp.app */;
			productType = "com.apple.product-type.application";
		};
/* End PBXNativeTarget section */

/* Begin PBXProject section */
		EA8CA97E2C7F58E7004C1F4C /* Project object */ = {
			isa = PBXProject;
			attributes = {
				BuildIndependentTargetsInParallel = 1;
				LastSwiftUpdateCheck = 1540;
				LastUpgradeCheck = 1540;
				TargetAttributes = {
					EA8CA9852C7F58E7004C1F4C = {
						CreatedOnToolsVersion = 15.4;
					};
				};
			};
			buildConfigurationList = EA8CA9812C7F58E7004C1F4C /* Build configuration list for PBXProject "Mod1CreativeApp" */;
			compatibilityVersion = "Xcode 14.0";
			developmentRegion = en;
			hasScannedForEncodings = 0;
			knownRegions = (
				en,
				Base,
			);
			mainGroup = EA8CA97D2C7F58E7004C1F4C;
			productRefGroup = EA8CA9872C7F58E7004C1F4C /* Products */;
			projectDirPath = "";
			projectRoot = "";
			targets = (
				EA8CA9852C7F58E7004C1F4C /* Mod1CreativeApp */,
			);
		};
/* End PBXProject section */

/* Begin PBXResourcesBuildPhase section */
		EA8CA9842C7F58E7004C1F4C /* Resources */ = {
			isa = PBXResourcesBuildPhase;
			buildActionMask = 2147483647;
			files = (
				EA8CA9962C7F58E8004C1F4C /* Assets.xcassets in Resources */,
				EA8CA9992C7F58E8004C1F4C /* Base in Resources */,
				EA8CA9912C7F58E7004C1F4C /* Base in Resources */,
			);
			runOnlyForDeploymentPostprocessing = 0;
		};
/* End PBXResourcesBuildPhase section */

/* Begin PBXSourcesBuildPhase section */
		EA8CA9822C7F58E7004C1F4C /* Sources */ = {
			isa = PBXSourcesBuildPhase;
			buildActionMask = 2147483647;
			files = (
				EA8CA98E2C7F58E7004C1F4C /* ViewController.swift in Sources */,
				EA8CA9942C7F58E7004C1F4C /* Mod1CreativeApp.xcdatamodeld in Sources */,
				EA8CA98A2C7F58E7004C1F4C /* AppDelegate.swift in Sources */,
				EA8CA98C2C7F58E7004C1F4C /* SceneDelegate.swift in Sources */,
			);
			runOnlyForDeploymentPostprocessing = 0;
		};
/* End PBXSourcesBuildPhase section */

/* Begin PBXVariantGroup section */
		EA8CA98F2C7F58E7004C1F4C /* Main.storyboard */ = {
			isa = PBXVariantGroup;
			children = (
				EA8CA9902C7F58E7004C1F4C /* Base */,
			);
			name = Main.storyboard;
			sourceTree = "<group>";
		};
		EA8CA9972C7F58E8004C1F4C /* LaunchScreen.storyboard */ = {
			isa = PBXVariantGroup;
			children = (
				EA8CA9982C7F58E8004C1F4C /* Base */,
			);
			name = LaunchScreen.storyboard;
			sourceTree = "<group>";
		};
/* End PBXVariantGroup section */

/* Begin XCBuildConfiguration section */
		EA8CA99B2C7F58E8004C1F4C /* Debug */ = {
			isa = XCBuildConfiguration;
			buildSettings = {
				ALWAYS_SEARCH_USER_PATHS = NO;
				ASSETCATALOG_COMPILER_GENERATE_SWIFT_ASSET_SYMBOL_EXTENSIONS = YES;
				CLANG_ANALYZER_NONNULL = YES;
				CLANG_ANALYZER_NUMBER_OBJECT_CONVERSION = YES_AGGRESSIVE;
				CLANG_CXX_LANGUAGE_STANDARD = "gnu++20";
				CLANG_ENABLE_MODULES = YES;
				CLANG_ENABLE_OBJC_ARC = YES;
				CLANG_ENABLE_OBJC_WEAK = YES;
				CLANG_WARN_BLOCK_CAPTURE_AUTORELEASING = YES;
				CLANG_WARN_BOOL_CONVERSION = YES;
				CLANG_WARN_COMMA = YES;
				CLANG_WARN_CONSTANT_CONVERSION = YES;
				CLANG_WARN_DEPRECATED_OBJC_IMPLEMENTATIONS = YES;
				CLANG_WARN_DIRECT_OBJC_ISA_USAGE = YES_ERROR;
				CLANG_WARN_DOCUMENTATION_COMMENTS = YES;
				CLANG_WARN_EMPTY_BODY = YES;
				CLANG_WARN_ENUM_CONVERSION = YES;
				CLANG_WARN_INFINITE_RECURSION = YES;
				CLANG_WARN_INT_CONVERSION = YES;
				CLANG_WARN_NON_LITERAL_NULL_CONVERSION = YES;
				CLANG_WARN_OBJC_IMPLICIT_RETAIN_SELF = YES;
				CLANG_WARN_OBJC_LITERAL_CONVERSION = YES;
				CLANG_WARN_OBJC_ROOT_CLASS = YES_ERROR;
				CLANG_WARN_QUOTED_INCLUDE_IN_FRAMEWORK_HEADER = YES;
				CLANG_WARN_RANGE_LOOP_ANALYSIS = YES;
				CLANG_WARN_STRICT_PROTOTYPES = YES;
				CLANG_WARN_SUSPICIOUS_MOVE = YES;
				CLANG_WARN_UNGUARDED_AVAILABILITY = YES_AGGRESSIVE;
				CLANG_WARN_UNREACHABLE_CODE = YES;
				CLANG_WARN__DUPLICATE_METHOD_MATCH = YES;
				COPY_PHASE_STRIP = NO;
				DEBUG_INFORMATION_FORMAT = dwarf;
				ENABLE_STRICT_OBJC_MSGSEND = YES;
				ENABLE_TESTABILITY = YES;
				ENABLE_USER_SCRIPT_SANDBOXING = YES;
				GCC_C_LANGUAGE_STANDARD = gnu17;
				GCC_DYNAMIC_NO_PIC = NO;
				GCC_NO_COMMON_BLOCKS = YES;
				GCC_OPTIMIZATION_LEVEL = 0;
				GCC_PREPROCESSOR_DEFINITIONS = (
					"DEBUG=1",
					"$(inherited)",
				);
				GCC_WARN_64_TO_32_BIT_CONVERSION = YES;
				GCC_WARN_ABOUT_RETURN_TYPE = YES_ERROR;
				GCC_WARN_UNDECLARED_SELECTOR = YES;
				GCC_WARN_UNINITIALIZED_AUTOS = YES_AGGRESSIVE;
				GCC_WARN_UNUSED_FUNCTION = YES;
				GCC_WARN_UNUSED_VARIABLE = YES;
				IPHONEOS_DEPLOYMENT_TARGET = 17.5;
				LOCALIZATION_PREFERS_STRING_CATALOGS = YES;
				MTL_ENABLE_DEBUG_INFO = INCLUDE_SOURCE;
				MTL_FAST_MATH = YES;
				ONLY_ACTIVE_ARCH = YES;
				SDKROOT = iphoneos;
				SWIFT_ACTIVE_COMPILATION_CONDITIONS = "DEBUG $(inherited)";
				SWIFT_OPTIMIZATION_LEVEL = "-Onone";
			};
			name = Debug;
		};
		EA8CA99C2C7F58E8004C1F4C /* Release */ = {
			isa = XCBuildConfiguration;
			buildSettings = {
				ALWAYS_SEARCH_USER_PATHS = NO;
				ASSETCATALOG_COMPILER_GENERATE_SWIFT_ASSET_SYMBOL_EXTENSIONS = YES;
				CLANG_ANALYZER_NONNULL = YES;
				CLANG_ANALYZER_NUMBER_OBJECT_CONVERSION = YES_AGGRESSIVE;
				CLANG_CXX_LANGUAGE_STANDARD = "gnu++20";
				CLANG_ENABLE_MODULES = YES;
				CLANG_ENABLE_OBJC_ARC = YES;
				CLANG_ENABLE_OBJC_WEAK = YES;
				CLANG_WARN_BLOCK_CAPTURE_AUTORELEASING = YES;
				CLANG_WARN_BOOL_CONVERSION = YES;
				CLANG_WARN_COMMA = YES;
				CLANG_WARN_CONSTANT_CONVERSION = YES;
				CLANG_WARN_DEPRECATED_OBJC_IMPLEMENTATIONS = YES;
				CLANG_WARN_DIRECT_OBJC_ISA_USAGE = YES_ERROR;
				CLANG_WARN_DOCUMENTATION_COMMENTS = YES;
				CLANG_WARN_EMPTY_BODY = YES;
				CLANG_WARN_ENUM_CONVERSION = YES;
				CLANG_WARN_INFINITE_RECURSION = YES;
				CLANG_WARN_INT_CONVERSION = YES;
				CLANG_WARN_NON_LITERAL_NULL_CONVERSION = YES;
				CLANG_WARN_OBJC_IMPLICIT_RETAIN_SELF = YES;
				CLANG_WARN_OBJC_LITERAL_CONVERSION = YES;
				CLANG_WARN_OBJC_ROOT_CLASS = YES_ERROR;
				CLANG_WARN_QUOTED_INCLUDE_IN_FRAMEWORK_HEADER = YES;
				CLANG_WARN_RANGE_LOOP_ANALYSIS = YES;
				CLANG_WARN_STRICT_PROTOTYPES = YES;
				CLANG_WARN_SUSPICIOUS_MOVE = YES;
				CLANG_WARN_UNGUARDED_AVAILABILITY = YES_AGGRESSIVE;
				CLANG_WARN_UNREACHABLE_CODE = YES;
				CLANG_WARN__DUPLICATE_METHOD_MATCH = YES;
				COPY_PHASE_STRIP = NO;
				DEBUG_INFORMATION_FORMAT = "dwarf-with-dsym";
				ENABLE_NS_ASSERTIONS = NO;
				ENABLE_STRICT_OBJC_MSGSEND = YES;
				ENABLE_USER_SCRIPT_SANDBOXING = YES;
				GCC_C_LANGUAGE_STANDARD = gnu17;
				GCC_NO_COMMON_BLOCKS = YES;
				GCC_WARN_64_TO_32_BIT_CONVERSION = YES;
				GCC_WARN_ABOUT_RETURN_TYPE = YES_ERROR;
				GCC_WARN_UNDECLARED_SELECTOR = YES;
				GCC_WARN_UNINITIALIZED_AUTOS = YES_AGGRESSIVE;
				GCC_WARN_UNUSED_FUNCTION = YES;
				GCC_WARN_UNUSED_VARIABLE = YES;
				IPHONEOS_DEPLOYMENT_TARGET = 17.5;
				LOCALIZATION_PREFERS_STRING_CATALOGS = YES;
				MTL_ENABLE_DEBUG_INFO = NO;
				MTL_FAST_MATH = YES;
				SDKROOT = iphoneos;
				SWIFT_COMPILATION_MODE = wholemodule;
				VALIDATE_PRODUCT = YES;
			};
			name = Release;
		};
		EA8CA99E2C7F58E8004C1F4C /* Debug */ = {
			isa = XCBuildConfiguration;
			buildSettings = {
				ASSETCATALOG_COMPILER_APPICON_NAME = AppIcon;
				ASSETCATALOG_COMPILER_GLOBAL_ACCENT_COLOR_NAME = AccentColor;
				CODE_SIGN_STYLE = Automatic;
				CURRENT_PROJECT_VERSION = 1;
				GENERATE_INFOPLIST_FILE = YES;
				INFOPLIST_FILE = Mod1CreativeApp/Info.plist;
				INFOPLIST_KEY_UIApplicationSupportsIndirectInputEvents = YES;
				INFOPLIST_KEY_UILaunchStoryboardName = LaunchScreen;
				INFOPLIST_KEY_UIMainStoryboardFile = Main;
				INFOPLIST_KEY_UISupportedInterfaceOrientations_iPad = "UIInterfaceOrientationPortrait UIInterfaceOrientationPortraitUpsideDown UIInterfaceOrientationLandscapeLeft UIInterfaceOrientationLandscapeRight";
				INFOPLIST_KEY_UISupportedInterfaceOrientations_iPhone = "UIInterfaceOrientationPortrait UIInterfaceOrientationLandscapeLeft UIInterfaceOrientationLandscapeRight";
				LD_RUNPATH_SEARCH_PATHS = (
					"$(inherited)",
					"@executable_path/Frameworks",
				);
				MARKETING_VERSION = 1.0;
				PRODUCT_BUNDLE_IDENTIFIER = clc.Mod1CreativeApp;
				PRODUCT_NAME = "$(TARGET_NAME)";
				SWIFT_EMIT_LOC_STRINGS = YES;
				SWIFT_VERSION = 5.0;
				TARGETED_DEVICE_FAMILY = "1,2";
			};
			name = Debug;
		};
		EA8CA99F2C7F58E8004C1F4C /* Release */ = {
			isa = XCBuildConfiguration;
			buildSettings = {
				ASSETCATALOG_COMPILER_APPICON_NAME = AppIcon;
				ASSETCATALOG_COMPILER_GLOBAL_ACCENT_COLOR_NAME = AccentColor;
				CODE_SIGN_STYLE = Automatic;
				CURRENT_PROJECT_VERSION = 1;
				GENERATE_INFOPLIST_FILE = YES;
				INFOPLIST_FILE = Mod1CreativeApp/Info.plist;
				INFOPLIST_KEY_UIApplicationSupportsIndirectInputEvents = YES;
				INFOPLIST_KEY_UILaunchStoryboardName = LaunchScreen;
				INFOPLIST_KEY_UIMainStoryboardFile = Main;
				INFOPLIST_KEY_UISupportedInterfaceOrientations_iPad = "UIInterfaceOrientationPortrait UIInterfaceOrientationPortraitUpsideDown UIInterfaceOrientationLandscapeLeft UIInterfaceOrientationLandscapeRight";
				INFOPLIST_KEY_UISupportedInterfaceOrientations_iPhone = "UIInterfaceOrientationPortrait UIInterfaceOrientationLandscapeLeft UIInterfaceOrientationLandscapeRight";
				LD_RUNPATH_SEARCH_PATHS = (
					"$(inherited)",
					"@executable_path/Frameworks",
				);
				MARKETING_VERSION = 1.0;
				PRODUCT_BUNDLE_IDENTIFIER = clc.Mod1CreativeApp;
				PRODUCT_NAME = "$(TARGET_NAME)";
				SWIFT_EMIT_LOC_STRINGS = YES;
				SWIFT_VERSION = 5.0;
				TARGETED_DEVICE_FAMILY = "1,2";
			};
			name = Release;
		};
/* End XCBuildConfiguration section */

/* Begin XCConfigurationList section */
		EA8CA9812C7F58E7004C1F4C /* Build configuration list for PBXProject "Mod1CreativeApp" */ = {
			isa = XCConfigurationList;
			buildConfigurations = (
				EA8CA99B2C7F58E8004C1F4C /* Debug */,
				EA8CA99C2C7F58E8004C1F4C /* Release */,
			);
			defaultConfigurationIsVisible = 0;
			defaultConfigurationName = Release;
		};
		EA8CA99D2C7F58E8004C1F4C /* Build configuration list for PBXNativeTarget "Mod1CreativeApp" */ = {
			isa = XCConfigurationList;
			buildConfigurations = (
				EA8CA99E2C7F58E8004C1F4C /* Debug */,
				EA8CA99F2C7F58E8004C1F4C /* Release */,
			);
			defaultConfigurationIsVisible = 0;
			defaultConfigurationName = Release;
		};
/* End XCConfigurationList section */

/* Begin XCVersionGroup section */
		EA8CA9922C7F58E7004C1F4C /* Mod1CreativeApp.xcdatamodeld */ = {
			isa = XCVersionGroup;
			children = (
				EA8CA9932C7F58E7004C1F4C /* Mod1CreativeApp.xcdatamodel */,
			);
			currentVersion = EA8CA9932C7F58E7004C1F4C /* Mod1CreativeApp.xcdatamodel */;
			path = Mod1CreativeApp.xcdatamodeld;
			sourceTree = "<group>";
			versionGroupType = wrapper.xcdatamodel;
		};
/* End XCVersionGroup section */
	};
	rootObject = EA8CA97E2C7F58E7004C1F4C /* Project object */;
}
